// !$*UTF8*$!
{
	archiveVersion = 1;
	classes = {
	};
	objectVersion = 48;
	objects = {

/* Begin PBXBuildFile section */
		34A9E38DF31C00AA026C5E04 /* libPods-ShopingListProject.a in Frameworks */ = {isa = PBXBuildFile; fileRef = 4B33FA611DB1C2D242BFFF13 /* libPods-ShopingListProject.a */; };
		8400325B2215F4D300498A8F /* Main.storyboard in Resources */ = {isa = PBXBuildFile; fileRef = 840032592215F4D300498A8F /* Main.storyboard */; };
		8400325D2215F4D500498A8F /* Assets.xcassets in Resources */ = {isa = PBXBuildFile; fileRef = 8400325C2215F4D500498A8F /* Assets.xcassets */; };
		840032602215F4D500498A8F /* LaunchScreen.storyboard in Resources */ = {isa = PBXBuildFile; fileRef = 8400325E2215F4D500498A8F /* LaunchScreen.storyboard */; };
		840032B02217F81400498A8F /* main.m in Sources */ = {isa = PBXBuildFile; fileRef = 840032622215F4D500498A8F /* main.m */; };
		84075070222E8E660028082B /* RemoveInvitation.m in Sources */ = {isa = PBXBuildFile; fileRef = 8407506F222E8E660028082B /* RemoveInvitation.m */; };
		84085ACC2229948400F70A27 /* DeleteListFromCloud.m in Sources */ = {isa = PBXBuildFile; fileRef = 84085ACB2229948400F70A27 /* DeleteListFromCloud.m */; };
		840D02C7222C629D00B4306A /* FetchInvitationnData.m in Sources */ = {isa = PBXBuildFile; fileRef = 840D02C6222C629D00B4306A /* FetchInvitationnData.m */; };
		840D069D221D89BB0018FA20 /* itemViewController.m in Sources */ = {isa = PBXBuildFile; fileRef = 840D069C221D89BB0018FA20 /* itemViewController.m */; };
		8411662F222544600075D0BA /* CompareList.m in Sources */ = {isa = PBXBuildFile; fileRef = 8411662E222544600075D0BA /* CompareList.m */; };
		841FCDC72229A2A90056D55F /* SaveItemToCloud.m in Sources */ = {isa = PBXBuildFile; fileRef = 841FCDC62229A2A90056D55F /* SaveItemToCloud.m */; };
		841FCDCA2229AF210056D55F /* DeleteItemFromCloud.m in Sources */ = {isa = PBXBuildFile; fileRef = 841FCDC92229AF210056D55F /* DeleteItemFromCloud.m */; };
		84435D9F222ACFC300C1BCF7 /* InvitationClass.m in Sources */ = {isa = PBXBuildFile; fileRef = 84435D9E222ACFC300C1BCF7 /* InvitationClass.m */; };
		84435DA2222AFC2B00C1BCF7 /* ReadInvitations.m in Sources */ = {isa = PBXBuildFile; fileRef = 84435DA1222AFC2B00C1BCF7 /* ReadInvitations.m */; };
		848167AA221FF6250068BFF9 /* GoogleService-Info.plist in Resources */ = {isa = PBXBuildFile; fileRef = 848167A9221FF6250068BFF9 /* GoogleService-Info.plist */; };
		848167AD2221559E0068BFF9 /* SaveListOnCloud.m in Sources */ = {isa = PBXBuildFile; fileRef = 848167AC2221559E0068BFF9 /* SaveListOnCloud.m */; };
		848167B0222170EE0068BFF9 /* DateAndTime.m in Sources */ = {isa = PBXBuildFile; fileRef = 848167AF222170EE0068BFF9 /* DateAndTime.m */; };
		848167B322219EA50068BFF9 /* ReadDataFromCloud.m in Sources */ = {isa = PBXBuildFile; fileRef = 848167B222219EA50068BFF9 /* ReadDataFromCloud.m */; };
		849B2BF822183EBB00C82739 /* ItemClass.m in Sources */ = {isa = PBXBuildFile; fileRef = 8400326B22167B8800498A8F /* ItemClass.m */; };
		849B2BF922183ECC00C82739 /* UserClass.m in Sources */ = {isa = PBXBuildFile; fileRef = 8400326E221680E900498A8F /* UserClass.m */; };
		849B2BFA22183ED600C82739 /* ShopingListsClass.m in Sources */ = {isa = PBXBuildFile; fileRef = 840032712216831400498A8F /* ShopingListsClass.m */; };
		849B2BFB22183EDC00C82739 /* AppData.m in Sources */ = {isa = PBXBuildFile; fileRef = 840032742216872D00498A8F /* AppData.m */; };
		849B2BFD22183EEF00C82739 /* ReadDataFromDisk.m in Sources */ = {isa = PBXBuildFile; fileRef = 8400327A2217090200498A8F /* ReadDataFromDisk.m */; };
		849B2BFE22183EFA00C82739 /* PrepareFirstLists.m in Sources */ = {isa = PBXBuildFile; fileRef = 840032772216B31600498A8F /* PrepareFirstLists.m */; };
		849B2BFF22183F0200C82739 /* WriteDataToDisk.m in Sources */ = {isa = PBXBuildFile; fileRef = 8400327D221709D700498A8F /* WriteDataToDisk.m */; };
		849B2C0022183F0700C82739 /* WriteUserToDisk.m in Sources */ = {isa = PBXBuildFile; fileRef = 840032802217543F00498A8F /* WriteUserToDisk.m */; };
		849B2C0122183F0F00C82739 /* ReadUserFromDisk.m in Sources */ = {isa = PBXBuildFile; fileRef = 8400328322175B0E00498A8F /* ReadUserFromDisk.m */; };
		849B2C0222183F1500C82739 /* SetTheUser.m in Sources */ = {isa = PBXBuildFile; fileRef = 8400328622175E5400498A8F /* SetTheUser.m */; };
		849B2C0322183F3C00C82739 /* ListViewController.m in Sources */ = {isa = PBXBuildFile; fileRef = 840032572215F4D300498A8F /* ListViewController.m */; };
		849B2C0622195ECD00C82739 /* WritePlist.m in Sources */ = {isa = PBXBuildFile; fileRef = 849B2C0522195ECD00C82739 /* WritePlist.m */; };
		84D82C4A2218290F00109AB1 /* AppDelegate.m in Sources */ = {isa = PBXBuildFile; fileRef = 840032542215F4D300498A8F /* AppDelegate.m */; };
/* End PBXBuildFile section */

/* Begin PBXFileReference section */
		33BC047C1CD2F81BBD608CA5 /* Pods-ShopingListProject.release.xcconfig */ = {isa = PBXFileReference; includeInIndex = 1; lastKnownFileType = text.xcconfig; name = "Pods-ShopingListProject.release.xcconfig"; path = "Target Support Files/Pods-ShopingListProject/Pods-ShopingListProject.release.xcconfig"; sourceTree = "<group>"; };
		4B33FA611DB1C2D242BFFF13 /* libPods-ShopingListProject.a */ = {isa = PBXFileReference; explicitFileType = archive.ar; includeInIndex = 0; path = "libPods-ShopingListProject.a"; sourceTree = BUILT_PRODUCTS_DIR; };
		840032502215F4D300498A8F /* ShopingListProject.app */ = {isa = PBXFileReference; explicitFileType = wrapper.application; includeInIndex = 0; path = ShopingListProject.app; sourceTree = BUILT_PRODUCTS_DIR; };
		840032532215F4D300498A8F /* AppDelegate.h */ = {isa = PBXFileReference; lastKnownFileType = sourcecode.c.h; path = AppDelegate.h; sourceTree = "<group>"; };
		840032542215F4D300498A8F /* AppDelegate.m */ = {isa = PBXFileReference; lastKnownFileType = sourcecode.c.objc; path = AppDelegate.m; sourceTree = "<group>"; };
		840032562215F4D300498A8F /* ListViewController.h */ = {isa = PBXFileReference; lastKnownFileType = sourcecode.c.h; path = ListViewController.h; sourceTree = "<group>"; };
		840032572215F4D300498A8F /* ListViewController.m */ = {isa = PBXFileReference; lastKnownFileType = sourcecode.c.objc; path = ListViewController.m; sourceTree = "<group>"; wrapsLines = 1; };
		8400325A2215F4D300498A8F /* Base */ = {isa = PBXFileReference; lastKnownFileType = file.storyboard; name = Base; path = Base.lproj/Main.storyboard; sourceTree = "<group>"; };
		8400325C2215F4D500498A8F /* Assets.xcassets */ = {isa = PBXFileReference; lastKnownFileType = folder.assetcatalog; path = Assets.xcassets; sourceTree = "<group>"; };
		8400325F2215F4D500498A8F /* Base */ = {isa = PBXFileReference; lastKnownFileType = file.storyboard; name = Base; path = Base.lproj/LaunchScreen.storyboard; sourceTree = "<group>"; };
		840032612215F4D500498A8F /* Info.plist */ = {isa = PBXFileReference; lastKnownFileType = text.plist.xml; path = Info.plist; sourceTree = "<group>"; };
		840032622215F4D500498A8F /* main.m */ = {isa = PBXFileReference; lastKnownFileType = sourcecode.c.objc; path = main.m; sourceTree = "<group>"; };
		8400326A22167B8800498A8F /* ItemClass.h */ = {isa = PBXFileReference; lastKnownFileType = sourcecode.c.h; path = ItemClass.h; sourceTree = "<group>"; };
		8400326B22167B8800498A8F /* ItemClass.m */ = {isa = PBXFileReference; lastKnownFileType = sourcecode.c.objc; path = ItemClass.m; sourceTree = "<group>"; };
		8400326D221680E900498A8F /* UserClass.h */ = {isa = PBXFileReference; lastKnownFileType = sourcecode.c.h; path = UserClass.h; sourceTree = "<group>"; };
		8400326E221680E900498A8F /* UserClass.m */ = {isa = PBXFileReference; lastKnownFileType = sourcecode.c.objc; path = UserClass.m; sourceTree = "<group>"; };
		840032702216831400498A8F /* ShopingListsClass.h */ = {isa = PBXFileReference; lastKnownFileType = sourcecode.c.h; path = ShopingListsClass.h; sourceTree = "<group>"; };
		840032712216831400498A8F /* ShopingListsClass.m */ = {isa = PBXFileReference; lastKnownFileType = sourcecode.c.objc; path = ShopingListsClass.m; sourceTree = "<group>"; };
		840032732216872D00498A8F /* AppData.h */ = {isa = PBXFileReference; lastKnownFileType = sourcecode.c.h; path = AppData.h; sourceTree = "<group>"; };
		840032742216872D00498A8F /* AppData.m */ = {isa = PBXFileReference; lastKnownFileType = sourcecode.c.objc; path = AppData.m; sourceTree = "<group>"; };
		840032762216B31600498A8F /* PrepareFirstLists.h */ = {isa = PBXFileReference; lastKnownFileType = sourcecode.c.h; path = PrepareFirstLists.h; sourceTree = "<group>"; };
		840032772216B31600498A8F /* PrepareFirstLists.m */ = {isa = PBXFileReference; lastKnownFileType = sourcecode.c.objc; path = PrepareFirstLists.m; sourceTree = "<group>"; };
		840032792217090200498A8F /* ReadDataFromDisk.h */ = {isa = PBXFileReference; lastKnownFileType = sourcecode.c.h; path = ReadDataFromDisk.h; sourceTree = "<group>"; };
		8400327A2217090200498A8F /* ReadDataFromDisk.m */ = {isa = PBXFileReference; lastKnownFileType = sourcecode.c.objc; path = ReadDataFromDisk.m; sourceTree = "<group>"; };
		8400327C221709D700498A8F /* WriteDataToDisk.h */ = {isa = PBXFileReference; lastKnownFileType = sourcecode.c.h; path = WriteDataToDisk.h; sourceTree = "<group>"; };
		8400327D221709D700498A8F /* WriteDataToDisk.m */ = {isa = PBXFileReference; lastKnownFileType = sourcecode.c.objc; path = WriteDataToDisk.m; sourceTree = "<group>"; };
		8400327F2217543F00498A8F /* WriteUserToDisk.h */ = {isa = PBXFileReference; lastKnownFileType = sourcecode.c.h; path = WriteUserToDisk.h; sourceTree = "<group>"; };
		840032802217543F00498A8F /* WriteUserToDisk.m */ = {isa = PBXFileReference; lastKnownFileType = sourcecode.c.objc; path = WriteUserToDisk.m; sourceTree = "<group>"; };
		8400328222175B0E00498A8F /* ReadUserFromDisk.h */ = {isa = PBXFileReference; lastKnownFileType = sourcecode.c.h; path = ReadUserFromDisk.h; sourceTree = "<group>"; };
		8400328322175B0E00498A8F /* ReadUserFromDisk.m */ = {isa = PBXFileReference; lastKnownFileType = sourcecode.c.objc; path = ReadUserFromDisk.m; sourceTree = "<group>"; };
		8400328522175E5400498A8F /* SetTheUser.h */ = {isa = PBXFileReference; lastKnownFileType = sourcecode.c.h; path = SetTheUser.h; sourceTree = "<group>"; };
		8400328622175E5400498A8F /* SetTheUser.m */ = {isa = PBXFileReference; lastKnownFileType = sourcecode.c.objc; path = SetTheUser.m; sourceTree = "<group>"; };
		8407506E222E8E660028082B /* RemoveInvitation.h */ = {isa = PBXFileReference; lastKnownFileType = sourcecode.c.h; path = RemoveInvitation.h; sourceTree = "<group>"; };
		8407506F222E8E660028082B /* RemoveInvitation.m */ = {isa = PBXFileReference; lastKnownFileType = sourcecode.c.objc; path = RemoveInvitation.m; sourceTree = "<group>"; };
		84085ACA2229948400F70A27 /* DeleteListFromCloud.h */ = {isa = PBXFileReference; lastKnownFileType = sourcecode.c.h; path = DeleteListFromCloud.h; sourceTree = "<group>"; };
		84085ACB2229948400F70A27 /* DeleteListFromCloud.m */ = {isa = PBXFileReference; lastKnownFileType = sourcecode.c.objc; path = DeleteListFromCloud.m; sourceTree = "<group>"; };
		840D02C5222C629D00B4306A /* FetchInvitationnData.h */ = {isa = PBXFileReference; lastKnownFileType = sourcecode.c.h; path = FetchInvitationnData.h; sourceTree = "<group>"; };
		840D02C6222C629D00B4306A /* FetchInvitationnData.m */ = {isa = PBXFileReference; lastKnownFileType = sourcecode.c.objc; path = FetchInvitationnData.m; sourceTree = "<group>"; };
		840D069B221D89BB0018FA20 /* itemViewController.h */ = {isa = PBXFileReference; lastKnownFileType = sourcecode.c.h; path = itemViewController.h; sourceTree = "<group>"; };
		840D069C221D89BB0018FA20 /* itemViewController.m */ = {isa = PBXFileReference; lastKnownFileType = sourcecode.c.objc; path = itemViewController.m; sourceTree = "<group>"; };
		8411662D222544600075D0BA /* CompareList.h */ = {isa = PBXFileReference; lastKnownFileType = sourcecode.c.h; path = CompareList.h; sourceTree = "<group>"; };
		8411662E222544600075D0BA /* CompareList.m */ = {isa = PBXFileReference; lastKnownFileType = sourcecode.c.objc; path = CompareList.m; sourceTree = "<group>"; };
		841FCDC52229A2A90056D55F /* SaveItemToCloud.h */ = {isa = PBXFileReference; lastKnownFileType = sourcecode.c.h; path = SaveItemToCloud.h; sourceTree = "<group>"; };
		841FCDC62229A2A90056D55F /* SaveItemToCloud.m */ = {isa = PBXFileReference; lastKnownFileType = sourcecode.c.objc; path = SaveItemToCloud.m; sourceTree = "<group>"; };
		841FCDC82229AF210056D55F /* DeleteItemFromCloud.h */ = {isa = PBXFileReference; lastKnownFileType = sourcecode.c.h; path = DeleteItemFromCloud.h; sourceTree = "<group>"; };
		841FCDC92229AF210056D55F /* DeleteItemFromCloud.m */ = {isa = PBXFileReference; lastKnownFileType = sourcecode.c.objc; path = DeleteItemFromCloud.m; sourceTree = "<group>"; };
		84435D9D222ACFC300C1BCF7 /* InvitationClass.h */ = {isa = PBXFileReference; lastKnownFileType = sourcecode.c.h; path = InvitationClass.h; sourceTree = "<group>"; };
		84435D9E222ACFC300C1BCF7 /* InvitationClass.m */ = {isa = PBXFileReference; lastKnownFileType = sourcecode.c.objc; path = InvitationClass.m; sourceTree = "<group>"; };
		84435DA0222AFC2B00C1BCF7 /* ReadInvitations.h */ = {isa = PBXFileReference; lastKnownFileType = sourcecode.c.h; path = ReadInvitations.h; sourceTree = "<group>"; };
		84435DA1222AFC2B00C1BCF7 /* ReadInvitations.m */ = {isa = PBXFileReference; lastKnownFileType = sourcecode.c.objc; path = ReadInvitations.m; sourceTree = "<group>"; };
		848167A9221FF6250068BFF9 /* GoogleService-Info.plist */ = {isa = PBXFileReference; fileEncoding = 4; lastKnownFileType = text.plist.xml; path = "GoogleService-Info.plist"; sourceTree = "<group>"; };
		848167AB2221559E0068BFF9 /* SaveListOnCloud.h */ = {isa = PBXFileReference; lastKnownFileType = sourcecode.c.h; path = SaveListOnCloud.h; sourceTree = "<group>"; };
		848167AC2221559E0068BFF9 /* SaveListOnCloud.m */ = {isa = PBXFileReference; lastKnownFileType = sourcecode.c.objc; path = SaveListOnCloud.m; sourceTree = "<group>"; };
		848167AE222170EE0068BFF9 /* DateAndTime.h */ = {isa = PBXFileReference; lastKnownFileType = sourcecode.c.h; path = DateAndTime.h; sourceTree = "<group>"; };
		848167AF222170EE0068BFF9 /* DateAndTime.m */ = {isa = PBXFileReference; lastKnownFileType = sourcecode.c.objc; path = DateAndTime.m; sourceTree = "<group>"; };
		848167B122219EA50068BFF9 /* ReadDataFromCloud.h */ = {isa = PBXFileReference; lastKnownFileType = sourcecode.c.h; path = ReadDataFromCloud.h; sourceTree = "<group>"; };
		848167B222219EA50068BFF9 /* ReadDataFromCloud.m */ = {isa = PBXFileReference; lastKnownFileType = sourcecode.c.objc; path = ReadDataFromCloud.m; sourceTree = "<group>"; };
		849B2C0422195ECD00C82739 /* WritePlist.h */ = {isa = PBXFileReference; lastKnownFileType = sourcecode.c.h; path = WritePlist.h; sourceTree = "<group>"; };
		849B2C0522195ECD00C82739 /* WritePlist.m */ = {isa = PBXFileReference; lastKnownFileType = sourcecode.c.objc; path = WritePlist.m; sourceTree = "<group>"; };
		9228D068A4AD310380B9CBA0 /* Pods-ShopingListProject.debug.xcconfig */ = {isa = PBXFileReference; includeInIndex = 1; lastKnownFileType = text.xcconfig; name = "Pods-ShopingListProject.debug.xcconfig"; path = "Target Support Files/Pods-ShopingListProject/Pods-ShopingListProject.debug.xcconfig"; sourceTree = "<group>"; };
/* End PBXFileReference section */

/* Begin PBXFrameworksBuildPhase section */
		8400324D2215F4D300498A8F /* Frameworks */ = {
			isa = PBXFrameworksBuildPhase;
			buildActionMask = 2147483647;
			files = (
				34A9E38DF31C00AA026C5E04 /* libPods-ShopingListProject.a in Frameworks */,
			);
			runOnlyForDeploymentPostprocessing = 0;
		};
/* End PBXFrameworksBuildPhase section */

/* Begin PBXGroup section */
		601249C41357B5F4F1B91D81 /* Frameworks */ = {
			isa = PBXGroup;
			children = (
				4B33FA611DB1C2D242BFFF13 /* libPods-ShopingListProject.a */,
			);
			name = Frameworks;
			sourceTree = "<group>";
		};
		840032472215F4D300498A8F = {
			isa = PBXGroup;
			children = (
				840032522215F4D300498A8F /* ShopingListProject */,
				840032512215F4D300498A8F /* Products */,
				945C358A200DA3859B629EAE /* Pods */,
				601249C41357B5F4F1B91D81 /* Frameworks */,
			);
			sourceTree = "<group>";
		};
		840032512215F4D300498A8F /* Products */ = {
			isa = PBXGroup;
			children = (
				840032502215F4D300498A8F /* ShopingListProject.app */,
			);
			name = Products;
			sourceTree = "<group>";
		};
		840032522215F4D300498A8F /* ShopingListProject */ = {
			isa = PBXGroup;
			children = (
				8400326922167B7000498A8F /* Classes */,
				840032532215F4D300498A8F /* AppDelegate.h */,
				840032542215F4D300498A8F /* AppDelegate.m */,
				840032562215F4D300498A8F /* ListViewController.h */,
				840032572215F4D300498A8F /* ListViewController.m */,
				840032592215F4D300498A8F /* Main.storyboard */,
				840D069B221D89BB0018FA20 /* itemViewController.h */,
				840D069C221D89BB0018FA20 /* itemViewController.m */,
				8400325C2215F4D500498A8F /* Assets.xcassets */,
				8400325E2215F4D500498A8F /* LaunchScreen.storyboard */,
				848167A9221FF6250068BFF9 /* GoogleService-Info.plist */,
				840032612215F4D500498A8F /* Info.plist */,
				840032622215F4D500498A8F /* main.m */,
			);
			path = ShopingListProject;
			sourceTree = "<group>";
		};
		8400326922167B7000498A8F /* Classes */ = {
			isa = PBXGroup;
			children = (
				8400326A22167B8800498A8F /* ItemClass.h */,
				8400326B22167B8800498A8F /* ItemClass.m */,
				8400326D221680E900498A8F /* UserClass.h */,
				8400326E221680E900498A8F /* UserClass.m */,
				840032702216831400498A8F /* ShopingListsClass.h */,
				840032712216831400498A8F /* ShopingListsClass.m */,
				840032732216872D00498A8F /* AppData.h */,
				840032742216872D00498A8F /* AppData.m */,
				840032762216B31600498A8F /* PrepareFirstLists.h */,
				840032772216B31600498A8F /* PrepareFirstLists.m */,
				840032792217090200498A8F /* ReadDataFromDisk.h */,
				8400327A2217090200498A8F /* ReadDataFromDisk.m */,
				8400327C221709D700498A8F /* WriteDataToDisk.h */,
				8400327D221709D700498A8F /* WriteDataToDisk.m */,
				8400327F2217543F00498A8F /* WriteUserToDisk.h */,
				840032802217543F00498A8F /* WriteUserToDisk.m */,
				8400328222175B0E00498A8F /* ReadUserFromDisk.h */,
				8400328322175B0E00498A8F /* ReadUserFromDisk.m */,
				8400328522175E5400498A8F /* SetTheUser.h */,
				8400328622175E5400498A8F /* SetTheUser.m */,
				849B2C0422195ECD00C82739 /* WritePlist.h */,
				849B2C0522195ECD00C82739 /* WritePlist.m */,
				848167AB2221559E0068BFF9 /* SaveListOnCloud.h */,
				848167AC2221559E0068BFF9 /* SaveListOnCloud.m */,
				848167AE222170EE0068BFF9 /* DateAndTime.h */,
				848167AF222170EE0068BFF9 /* DateAndTime.m */,
				848167B122219EA50068BFF9 /* ReadDataFromCloud.h */,
				848167B222219EA50068BFF9 /* ReadDataFromCloud.m */,
				8411662D222544600075D0BA /* CompareList.h */,
				8411662E222544600075D0BA /* CompareList.m */,
				84085ACA2229948400F70A27 /* DeleteListFromCloud.h */,
				84085ACB2229948400F70A27 /* DeleteListFromCloud.m */,
				841FCDC52229A2A90056D55F /* SaveItemToCloud.h */,
				841FCDC62229A2A90056D55F /* SaveItemToCloud.m */,
				841FCDC82229AF210056D55F /* DeleteItemFromCloud.h */,
				841FCDC92229AF210056D55F /* DeleteItemFromCloud.m */,
				84435D9D222ACFC300C1BCF7 /* InvitationClass.h */,
				84435D9E222ACFC300C1BCF7 /* InvitationClass.m */,
				84435DA0222AFC2B00C1BCF7 /* ReadInvitations.h */,
				84435DA1222AFC2B00C1BCF7 /* ReadInvitations.m */,
				840D02C5222C629D00B4306A /* FetchInvitationnData.h */,
				840D02C6222C629D00B4306A /* FetchInvitationnData.m */,
				8407506E222E8E660028082B /* RemoveInvitation.h */,
				8407506F222E8E660028082B /* RemoveInvitation.m */,
			);
			path = Classes;
			sourceTree = "<group>";
		};
		945C358A200DA3859B629EAE /* Pods */ = {
			isa = PBXGroup;
			children = (
				9228D068A4AD310380B9CBA0 /* Pods-ShopingListProject.debug.xcconfig */,
				33BC047C1CD2F81BBD608CA5 /* Pods-ShopingListProject.release.xcconfig */,
			);
			path = Pods;
			sourceTree = "<group>";
		};
/* End PBXGroup section */

/* Begin PBXNativeTarget section */
		8400324F2215F4D300498A8F /* ShopingListProject */ = {
			isa = PBXNativeTarget;
			buildConfigurationList = 840032662215F4D500498A8F /* Build configuration list for PBXNativeTarget "ShopingListProject" */;
			buildPhases = (
				E65E0B05D93EB537816FEDE5 /* [CP] Check Pods Manifest.lock */,
				8400324C2215F4D300498A8F /* Sources */,
				8400324D2215F4D300498A8F /* Frameworks */,
				8400324E2215F4D300498A8F /* Resources */,
			);
			buildRules = (
			);
			dependencies = (
			);
			name = ShopingListProject;
			productName = ShopingListProject;
			productReference = 840032502215F4D300498A8F /* ShopingListProject.app */;
			productType = "com.apple.product-type.application";
		};
/* End PBXNativeTarget section */

/* Begin PBXProject section */
		840032482215F4D300498A8F /* Project object */ = {
			isa = PBXProject;
			attributes = {
				LastUpgradeCheck = 1010;
				ORGANIZATIONNAME = NanoSoft;
				TargetAttributes = {
					8400324F2215F4D300498A8F = {
						CreatedOnToolsVersion = 10.1;
						ProvisioningStyle = Automatic;
					};
				};
			};
			buildConfigurationList = 8400324B2215F4D300498A8F /* Build configuration list for PBXProject "ShopingListProject" */;
			compatibilityVersion = "Xcode 8.0";
			developmentRegion = en;
			hasScannedForEncodings = 0;
			knownRegions = (
				en,
				Base,
			);
			mainGroup = 840032472215F4D300498A8F;
			productRefGroup = 840032512215F4D300498A8F /* Products */;
			projectDirPath = "";
			projectRoot = "";
			targets = (
				8400324F2215F4D300498A8F /* ShopingListProject */,
			);
		};
/* End PBXProject section */

/* Begin PBXResourcesBuildPhase section */
		8400324E2215F4D300498A8F /* Resources */ = {
			isa = PBXResourcesBuildPhase;
			buildActionMask = 2147483647;
			files = (
				840032602215F4D500498A8F /* LaunchScreen.storyboard in Resources */,
				848167AA221FF6250068BFF9 /* GoogleService-Info.plist in Resources */,
				8400325D2215F4D500498A8F /* Assets.xcassets in Resources */,
				8400325B2215F4D300498A8F /* Main.storyboard in Resources */,
			);
			runOnlyForDeploymentPostprocessing = 0;
		};
/* End PBXResourcesBuildPhase section */

/* Begin PBXShellScriptBuildPhase section */
		E65E0B05D93EB537816FEDE5 /* [CP] Check Pods Manifest.lock */ = {
			isa = PBXShellScriptBuildPhase;
			buildActionMask = 2147483647;
			files = (
			);
			inputFileListPaths = (
			);
			inputPaths = (
				"${PODS_PODFILE_DIR_PATH}/Podfile.lock",
				"${PODS_ROOT}/Manifest.lock",
			);
			name = "[CP] Check Pods Manifest.lock";
			outputFileListPaths = (
			);
			outputPaths = (
				"$(DERIVED_FILE_DIR)/Pods-ShopingListProject-checkManifestLockResult.txt",
			);
			runOnlyForDeploymentPostprocessing = 0;
			shellPath = /bin/sh;
			shellScript = "diff \"${PODS_PODFILE_DIR_PATH}/Podfile.lock\" \"${PODS_ROOT}/Manifest.lock\" > /dev/null\nif [ $? != 0 ] ; then\n    # print error to STDERR\n    echo \"error: The sandbox is not in sync with the Podfile.lock. Run 'pod install' or update your CocoaPods installation.\" >&2\n    exit 1\nfi\n# This output is used by Xcode 'outputs' to avoid re-running this script phase.\necho \"SUCCESS\" > \"${SCRIPT_OUTPUT_FILE_0}\"\n";
			showEnvVarsInLog = 0;
		};
/* End PBXShellScriptBuildPhase section */

/* Begin PBXSourcesBuildPhase section */
		8400324C2215F4D300498A8F /* Sources */ = {
			isa = PBXSourcesBuildPhase;
			buildActionMask = 2147483647;
			files = (
				849B2C0222183F1500C82739 /* SetTheUser.m in Sources */,
				849B2C0122183F0F00C82739 /* ReadUserFromDisk.m in Sources */,
				84075070222E8E660028082B /* RemoveInvitation.m in Sources */,
				84085ACC2229948400F70A27 /* DeleteListFromCloud.m in Sources */,
				849B2C0022183F0700C82739 /* WriteUserToDisk.m in Sources */,
				840D02C7222C629D00B4306A /* FetchInvitationnData.m in Sources */,
				849B2BFF22183F0200C82739 /* WriteDataToDisk.m in Sources */,
				849B2BFE22183EFA00C82739 /* PrepareFirstLists.m in Sources */,
				849B2BFD22183EEF00C82739 /* ReadDataFromDisk.m in Sources */,
				849B2BFB22183EDC00C82739 /* AppData.m in Sources */,
				84435DA2222AFC2B00C1BCF7 /* ReadInvitations.m in Sources */,
				840D069D221D89BB0018FA20 /* itemViewController.m in Sources */,
				848167B0222170EE0068BFF9 /* DateAndTime.m in Sources */,
				849B2BFA22183ED600C82739 /* ShopingListsClass.m in Sources */,
				849B2C0622195ECD00C82739 /* WritePlist.m in Sources */,
				841FCDC72229A2A90056D55F /* SaveItemToCloud.m in Sources */,
				848167B322219EA50068BFF9 /* ReadDataFromCloud.m in Sources */,
				849B2BF922183ECC00C82739 /* UserClass.m in Sources */,
				8411662F222544600075D0BA /* CompareList.m in Sources */,
				848167AD2221559E0068BFF9 /* SaveListOnCloud.m in Sources */,
				849B2BF822183EBB00C82739 /* ItemClass.m in Sources */,
				849B2C0322183F3C00C82739 /* ListViewController.m in Sources */,
				84D82C4A2218290F00109AB1 /* AppDelegate.m in Sources */,
				84435D9F222ACFC300C1BCF7 /* InvitationClass.m in Sources */,
				840032B02217F81400498A8F /* main.m in Sources */,
				841FCDCA2229AF210056D55F /* DeleteItemFromCloud.m in Sources */,
			);
			runOnlyForDeploymentPostprocessing = 0;
		};
/* End PBXSourcesBuildPhase section */

/* Begin PBXVariantGroup section */
		840032592215F4D300498A8F /* Main.storyboard */ = {
			isa = PBXVariantGroup;
			children = (
				8400325A2215F4D300498A8F /* Base */,
			);
			name = Main.storyboard;
			sourceTree = "<group>";
		};
		8400325E2215F4D500498A8F /* LaunchScreen.storyboard */ = {
			isa = PBXVariantGroup;
			children = (
				8400325F2215F4D500498A8F /* Base */,
			);
			name = LaunchScreen.storyboard;
			sourceTree = "<group>";
		};
/* End PBXVariantGroup section */

/* Begin XCBuildConfiguration section */
		840032642215F4D500498A8F /* Debug */ = {
			isa = XCBuildConfiguration;
			buildSettings = {
				ALWAYS_SEARCH_USER_PATHS = NO;
				CLANG_ANALYZER_NONNULL = YES;
				CLANG_ANALYZER_NUMBER_OBJECT_CONVERSION = YES_AGGRESSIVE;
				CLANG_CXX_LANGUAGE_STANDARD = "gnu++14";
				CLANG_CXX_LIBRARY = "libc++";
				CLANG_ENABLE_MODULES = YES;
				CLANG_ENABLE_OBJC_ARC = YES;
				CLANG_ENABLE_OBJC_WEAK = YES;
				CLANG_WARN_BLOCK_CAPTURE_AUTORELEASING = YES;
				CLANG_WARN_BOOL_CONVERSION = YES;
				CLANG_WARN_COMMA = YES;
				CLANG_WARN_CONSTANT_CONVERSION = YES;
				CLANG_WARN_DEPRECATED_OBJC_IMPLEMENTATIONS = YES;
				CLANG_WARN_DIRECT_OBJC_ISA_USAGE = YES_ERROR;
				CLANG_WARN_DOCUMENTATION_COMMENTS = YES;
				CLANG_WARN_EMPTY_BODY = YES;
				CLANG_WARN_ENUM_CONVERSION = YES;
				CLANG_WARN_INFINITE_RECURSION = YES;
				CLANG_WARN_INT_CONVERSION = YES;
				CLANG_WARN_NON_LITERAL_NULL_CONVERSION = YES;
				CLANG_WARN_OBJC_IMPLICIT_RETAIN_SELF = YES;
				CLANG_WARN_OBJC_LITERAL_CONVERSION = YES;
				CLANG_WARN_OBJC_ROOT_CLASS = YES_ERROR;
				CLANG_WARN_RANGE_LOOP_ANALYSIS = YES;
				CLANG_WARN_STRICT_PROTOTYPES = YES;
				CLANG_WARN_SUSPICIOUS_MOVE = YES;
				CLANG_WARN_UNGUARDED_AVAILABILITY = YES_AGGRESSIVE;
				CLANG_WARN_UNREACHABLE_CODE = YES;
				CLANG_WARN__DUPLICATE_METHOD_MATCH = YES;
				CODE_SIGN_IDENTITY = "iPhone Developer";
				COPY_PHASE_STRIP = NO;
				DEBUG_INFORMATION_FORMAT = dwarf;
				ENABLE_STRICT_OBJC_MSGSEND = YES;
				ENABLE_TESTABILITY = YES;
				GCC_C_LANGUAGE_STANDARD = gnu11;
				GCC_DYNAMIC_NO_PIC = NO;
				GCC_NO_COMMON_BLOCKS = YES;
				GCC_OPTIMIZATION_LEVEL = 0;
				GCC_PREPROCESSOR_DEFINITIONS = (
					"DEBUG=1",
					"$(inherited)",
				);
				GCC_WARN_64_TO_32_BIT_CONVERSION = YES;
				GCC_WARN_ABOUT_RETURN_TYPE = YES_ERROR;
				GCC_WARN_UNDECLARED_SELECTOR = YES;
				GCC_WARN_UNINITIALIZED_AUTOS = YES_AGGRESSIVE;
				GCC_WARN_UNUSED_FUNCTION = YES;
				GCC_WARN_UNUSED_VARIABLE = YES;
				IPHONEOS_DEPLOYMENT_TARGET = 11.4;
				MTL_ENABLE_DEBUG_INFO = INCLUDE_SOURCE;
				MTL_FAST_MATH = YES;
				ONLY_ACTIVE_ARCH = YES;
				SDKROOT = iphoneos;
			};
			name = Debug;
		};
		840032652215F4D500498A8F /* Release */ = {
			isa = XCBuildConfiguration;
			buildSettings = {
				ALWAYS_SEARCH_USER_PATHS = NO;
				CLANG_ANALYZER_NONNULL = YES;
				CLANG_ANALYZER_NUMBER_OBJECT_CONVERSION = YES_AGGRESSIVE;
				CLANG_CXX_LANGUAGE_STANDARD = "gnu++14";
				CLANG_CXX_LIBRARY = "libc++";
				CLANG_ENABLE_MODULES = YES;
				CLANG_ENABLE_OBJC_ARC = YES;
				CLANG_ENABLE_OBJC_WEAK = YES;
				CLANG_WARN_BLOCK_CAPTURE_AUTORELEASING = YES;
				CLANG_WARN_BOOL_CONVERSION = YES;
				CLANG_WARN_COMMA = YES;
				CLANG_WARN_CONSTANT_CONVERSION = YES;
				CLANG_WARN_DEPRECATED_OBJC_IMPLEMENTATIONS = YES;
				CLANG_WARN_DIRECT_OBJC_ISA_USAGE = YES_ERROR;
				CLANG_WARN_DOCUMENTATION_COMMENTS = YES;
				CLANG_WARN_EMPTY_BODY = YES;
				CLANG_WARN_ENUM_CONVERSION = YES;
				CLANG_WARN_INFINITE_RECURSION = YES;
				CLANG_WARN_INT_CONVERSION = YES;
				CLANG_WARN_NON_LITERAL_NULL_CONVERSION = YES;
				CLANG_WARN_OBJC_IMPLICIT_RETAIN_SELF = YES;
				CLANG_WARN_OBJC_LITERAL_CONVERSION = YES;
				CLANG_WARN_OBJC_ROOT_CLASS = YES_ERROR;
				CLANG_WARN_RANGE_LOOP_ANALYSIS = YES;
				CLANG_WARN_STRICT_PROTOTYPES = YES;
				CLANG_WARN_SUSPICIOUS_MOVE = YES;
				CLANG_WARN_UNGUARDED_AVAILABILITY = YES_AGGRESSIVE;
				CLANG_WARN_UNREACHABLE_CODE = YES;
				CLANG_WARN__DUPLICATE_METHOD_MATCH = YES;
				CODE_SIGN_IDENTITY = "iPhone Developer";
				COPY_PHASE_STRIP = NO;
				DEBUG_INFORMATION_FORMAT = "dwarf-with-dsym";
				ENABLE_NS_ASSERTIONS = NO;
				ENABLE_STRICT_OBJC_MSGSEND = YES;
				GCC_C_LANGUAGE_STANDARD = gnu11;
				GCC_NO_COMMON_BLOCKS = YES;
				GCC_WARN_64_TO_32_BIT_CONVERSION = YES;
				GCC_WARN_ABOUT_RETURN_TYPE = YES_ERROR;
				GCC_WARN_UNDECLARED_SELECTOR = YES;
				GCC_WARN_UNINITIALIZED_AUTOS = YES_AGGRESSIVE;
				GCC_WARN_UNUSED_FUNCTION = YES;
				GCC_WARN_UNUSED_VARIABLE = YES;
				IPHONEOS_DEPLOYMENT_TARGET = 11.4;
				MTL_ENABLE_DEBUG_INFO = NO;
				MTL_FAST_MATH = YES;
				SDKROOT = iphoneos;
				VALIDATE_PRODUCT = YES;
			};
			name = Release;
		};
		840032672215F4D500498A8F /* Debug */ = {
			isa = XCBuildConfiguration;
			baseConfigurationReference = 9228D068A4AD310380B9CBA0 /* Pods-ShopingListProject.debug.xcconfig */;
			buildSettings = {
				ASSETCATALOG_COMPILER_APPICON_NAME = AppIcon;
				CODE_SIGN_STYLE = Automatic;
				DEVELOPMENT_TEAM = T3NK7U77Q3;
				INFOPLIST_FILE = ShopingListProject/Info.plist;
				IPHONEOS_DEPLOYMENT_TARGET = 11.4;
				LD_RUNPATH_SEARCH_PATHS = "$(inherited) @executable_path/Frameworks";
				PRODUCT_BUNDLE_IDENTIFIER = com.nanosoft.ShopingListProject;
				PRODUCT_NAME = "$(TARGET_NAME)";
				TARGETED_DEVICE_FAMILY = "1,2";
			};
			name = Debug;
		};
		840032682215F4D500498A8F /* Release */ = {
			isa = XCBuildConfiguration;
			baseConfigurationReference = 33BC047C1CD2F81BBD608CA5 /* Pods-ShopingListProject.release.xcconfig */;
			buildSettings = {
				ASSETCATALOG_COMPILER_APPICON_NAME = AppIcon;
				CODE_SIGN_STYLE = Automatic;
				DEVELOPMENT_TEAM = T3NK7U77Q3;
				INFOPLIST_FILE = ShopingListProject/Info.plist;
				IPHONEOS_DEPLOYMENT_TARGET = 11.4;
				LD_RUNPATH_SEARCH_PATHS = "$(inherited) @executable_path/Frameworks";
				PRODUCT_BUNDLE_IDENTIFIER = com.nanosoft.ShopingListProject;
				PRODUCT_NAME = "$(TARGET_NAME)";
				TARGETED_DEVICE_FAMILY = "1,2";
			};
			name = Release;
		};
/* End XCBuildConfiguration section */

/* Begin XCConfigurationList section */
		8400324B2215F4D300498A8F /* Build configuration list for PBXProject "ShopingListProject" */ = {
			isa = XCConfigurationList;
			buildConfigurations = (
				840032642215F4D500498A8F /* Debug */,
				840032652215F4D500498A8F /* Release */,
			);
			defaultConfigurationIsVisible = 0;
			defaultConfigurationName = Release;
		};
		840032662215F4D500498A8F /* Build configuration list for PBXNativeTarget "ShopingListProject" */ = {
			isa = XCConfigurationList;
			buildConfigurations = (
				840032672215F4D500498A8F /* Debug */,
				840032682215F4D500498A8F /* Release */,
			);
			defaultConfigurationIsVisible = 0;
			defaultConfigurationName = Release;
		};
/* End XCConfigurationList section */
	};
	rootObject = 840032482215F4D300498A8F /* Project object */;
}
